
Microsoft Visual Studio Solution File, Format Version 12.00
# Visual Studio Version 16
VisualStudioVersion = 16.0.29509.3
MinimumVisualStudioVersion = 10.0.40219.1
Project("{8BC9CEB8-8B4A-11D0-8D11-00A0C91BC942}") = "win64", "win64\win64.vcxproj", "{44BC8BF7-8673-4BBD-9D77-E066DAA8D947}"
	ProjectSection(ProjectDependencies) = postProject
		{1186AF57-EFD8-4743-A40E-EC91A085F3B9} = {1186AF57-EFD8-4743-A40E-EC91A085F3B9}
	EndProjectSection
EndProject
Project("{8BC9CEB8-8B4A-11D0-8D11-00A0C91BC942}") = "game", "game\game.vcxproj", "{464E6B99-FD95-4D9E-ACCA-DDA809FFEC1D}"
	ProjectSection(ProjectDependencies) = postProject
		{1186AF57-EFD8-4743-A40E-EC91A085F3B9} = {1186AF57-EFD8-4743-A40E-EC91A085F3B9}
	EndProjectSection
EndProject
Project("{8BC9CEB8-8B4A-11D0-8D11-00A0C91BC942}") = "CommonUtilities", "CommonUtilities\CommonUtilities.vcxproj", "{1186AF57-EFD8-4743-A40E-EC91A085F3B9}"
EndProject
Project("{2150E333-8FDC-42A3-9474-1A3956D46DE8}") = "notes", "notes", "{6C7B062E-45C2-41A3-AC5B-19A8E18F5D1E}"
	ProjectSection(SolutionItems) = preProject
		notes.txt = notes.txt
	EndProjectSection
EndProject
Project("{2150E333-8FDC-42A3-9474-1A3956D46DE8}") = "data", "data", "{144FCC1D-FD4B-4DD1-90BC-8066AF2FFADF}"
EndProject
Project("{2150E333-8FDC-42A3-9474-1A3956D46DE8}") = "shaders", "shaders", "{3ECEE8AA-F414-462D-B711-73058649517F}"
EndProject
Project("{2150E333-8FDC-42A3-9474-1A3956D46DE8}") = "hlsl", "hlsl", "{A641CBEB-5D77-4F92-AF43-2F191340DF02}"
	ProjectSection(SolutionItems) = preProject
		data\shaders\hlsl\color_ps.hlsl = data\shaders\hlsl\color_ps.hlsl
		data\shaders\hlsl\color_vs.hlsl = data\shaders\hlsl\color_vs.hlsl
	EndProjectSection
EndProject
Global
	GlobalSection(SolutionConfigurationPlatforms) = preSolution
		Debug|x64 = Debug|x64
		Release|x64 = Release|x64
	EndGlobalSection
	GlobalSection(ProjectConfigurationPlatforms) = postSolution
		{44BC8BF7-8673-4BBD-9D77-E066DAA8D947}.Debug|x64.ActiveCfg = Debug|x64
		{44BC8BF7-8673-4BBD-9D77-E066DAA8D947}.Debug|x64.Build.0 = Debug|x64
		{44BC8BF7-8673-4BBD-9D77-E066DAA8D947}.Release|x64.ActiveCfg = Release|x64
		{44BC8BF7-8673-4BBD-9D77-E066DAA8D947}.Release|x64.Build.0 = Release|x64
		{464E6B99-FD95-4D9E-ACCA-DDA809FFEC1D}.Debug|x64.ActiveCfg = Debug|x64
		{464E6B99-FD95-4D9E-ACCA-DDA809FFEC1D}.Debug|x64.Build.0 = Debug|x64
		{464E6B99-FD95-4D9E-ACCA-DDA809FFEC1D}.Release|x64.ActiveCfg = Release|x64
		{464E6B99-FD95-4D9E-ACCA-DDA809FFEC1D}.Release|x64.Build.0 = Release|x64
		{1186AF57-EFD8-4743-A40E-EC91A085F3B9}.Debug|x64.ActiveCfg = Debug|x64
		{1186AF57-EFD8-4743-A40E-EC91A085F3B9}.Debug|x64.Build.0 = Debug|x64
		{1186AF57-EFD8-4743-A40E-EC91A085F3B9}.Release|x64.ActiveCfg = Release|x64
		{1186AF57-EFD8-4743-A40E-EC91A085F3B9}.Release|x64.Build.0 = Release|x64
	EndGlobalSection
	GlobalSection(SolutionProperties) = preSolution
		HideSolutionNode = FALSE
	EndGlobalSection
	GlobalSection(NestedProjects) = preSolution
		{3ECEE8AA-F414-462D-B711-73058649517F} = {144FCC1D-FD4B-4DD1-90BC-8066AF2FFADF}
		{A641CBEB-5D77-4F92-AF43-2F191340DF02} = {3ECEE8AA-F414-462D-B711-73058649517F}
	EndGlobalSection
	GlobalSection(ExtensibilityGlobals) = postSolution
		SolutionGuid = {67D01E29-C547-4A1A-A743-2AFC6D9142F7}
	EndGlobalSection
EndGlobal
